
Microsoft Visual Studio Solution File, Format Version 12.00
# Visual Studio Version 16
VisualStudioVersion = 16.0.30320.27
MinimumVisualStudioVersion = 10.0.40219.1
Project("{FAE04EC0-301F-11D3-BF4B-00C04F79EFBC}") = "x02Beginning2", "x02Beginning2.csproj", "{9BC26787-4F97-4B2F-AEF6-D1DED0DB40F3}"
EndProject
Global
	GlobalSection(SolutionConfigurationPlatforms) = preSolution
		Debug|Any CPU = Debug|Any CPU
		Release|Any CPU = Release|Any CPU
	EndGlobalSection
	GlobalSection(ProjectConfigurationPlatforms) = postSolution
		{9BC26787-4F97-4B2F-AEF6-D1DED0DB40F3}.Debug|Any CPU.ActiveCfg = Debug|Any CPU
		{9BC26787-4F97-4B2F-AEF6-D1DED0DB40F3}.Debug|Any CPU.Build.0 = Debug|Any CPU
		{9BC26787-4F97-4B2F-AEF6-D1DED0DB40F3}.Release|Any CPU.ActiveCfg = Release|Any CPU
		{9BC26787-4F97-4B2F-AEF6-D1DED0DB40F3}.Release|Any CPU.Build.0 = Release|Any CPU
	EndGlobalSection
	GlobalSection(SolutionProperties) = preSolution
		HideSolutionNode = FALSE
	EndGlobalSection
	GlobalSection(ExtensibilityGlobals) = postSolution
		SolutionGuid = {305434D1-F9A8-4E83-8C8E-A6FF1CFA6E9C}
	EndGlobalSection
EndGlobal
