
Microsoft Visual Studio Solution File, Format Version 12.00
# Visual Studio Version 16
VisualStudioVersion = 16.0.30011.22
MinimumVisualStudioVersion = 10.0.40219.1
Project("{8BC9CEB8-8B4A-11D0-8D11-00A0C91BC942}") = "SampleClientv2", "SampleClientv2.vcxproj", "{331EC555-0F7A-40A5-9122-7A6DEC70D7CC}"
EndProject
Global
	GlobalSection(SolutionConfigurationPlatforms) = preSolution
		Debug|x64 = Debug|x64
		Debug|x86 = Debug|x86
		Release|x64 = Release|x64
		Release|x86 = Release|x86
	EndGlobalSection
	GlobalSection(ProjectConfigurationPlatforms) = postSolution
		{331EC555-0F7A-40A5-9122-7A6DEC70D7CC}.Debug|x64.ActiveCfg = Debug|x64
		{331EC555-0F7A-40A5-9122-7A6DEC70D7CC}.Debug|x64.Build.0 = Debug|x64
		{331EC555-0F7A-40A5-9122-7A6DEC70D7CC}.Debug|x86.ActiveCfg = Debug|Win32
		{331EC555-0F7A-40A5-9122-7A6DEC70D7CC}.Debug|x86.Build.0 = Debug|Win32
		{331EC555-0F7A-40A5-9122-7A6DEC70D7CC}.Release|x64.ActiveCfg = Release|x64
		{331EC555-0F7A-40A5-9122-7A6DEC70D7CC}.Release|x64.Build.0 = Release|x64
		{331EC555-0F7A-40A5-9122-7A6DEC70D7CC}.Release|x86.ActiveCfg = Release|Win32
		{331EC555-0F7A-40A5-9122-7A6DEC70D7CC}.Release|x86.Build.0 = Release|Win32
	EndGlobalSection
	GlobalSection(SolutionProperties) = preSolution
		HideSolutionNode = FALSE
	EndGlobalSection
	GlobalSection(ExtensibilityGlobals) = postSolution
		SolutionGuid = {FE16E2E7-63CB-4D36-8BC9-588E229E02D0}
	EndGlobalSection
EndGlobal
