
Microsoft Visual Studio Solution File, Format Version 12.00
# Visual Studio Version 16
VisualStudioVersion = 16.0.30517.126
MinimumVisualStudioVersion = 10.0.40219.1
Project("{FAE04EC0-301F-11D3-BF4B-00C04F79EFBC}") = "WebApiOwin", "WebApiOwin.csproj", "{FA24EEEF-98AB-4C8E-A19F-96CAEC6B2877}"
EndProject
Project("{FAE04EC0-301F-11D3-BF4B-00C04F79EFBC}") = "WebApiOwinWinforms", "..\WebApiOwinWinforms\WebApiOwinWinforms.csproj", "{5DF9843A-2E64-44B8-83AC-91F5F04350EE}"
EndProject
Global
	GlobalSection(SolutionConfigurationPlatforms) = preSolution
		Debug|Any CPU = Debug|Any CPU
		Release|Any CPU = Release|Any CPU
	EndGlobalSection
	GlobalSection(ProjectConfigurationPlatforms) = postSolution
		{FA24EEEF-98AB-4C8E-A19F-96CAEC6B2877}.Debug|Any CPU.ActiveCfg = Debug|Any CPU
		{FA24EEEF-98AB-4C8E-A19F-96CAEC6B2877}.Debug|Any CPU.Build.0 = Debug|Any CPU
		{FA24EEEF-98AB-4C8E-A19F-96CAEC6B2877}.Release|Any CPU.ActiveCfg = Release|Any CPU
		{FA24EEEF-98AB-4C8E-A19F-96CAEC6B2877}.Release|Any CPU.Build.0 = Release|Any CPU
		{5DF9843A-2E64-44B8-83AC-91F5F04350EE}.Debug|Any CPU.ActiveCfg = Debug|Any CPU
		{5DF9843A-2E64-44B8-83AC-91F5F04350EE}.Debug|Any CPU.Build.0 = Debug|Any CPU
		{5DF9843A-2E64-44B8-83AC-91F5F04350EE}.Release|Any CPU.ActiveCfg = Release|Any CPU
		{5DF9843A-2E64-44B8-83AC-91F5F04350EE}.Release|Any CPU.Build.0 = Release|Any CPU
	EndGlobalSection
	GlobalSection(SolutionProperties) = preSolution
		HideSolutionNode = FALSE
	EndGlobalSection
	GlobalSection(ExtensibilityGlobals) = postSolution
		SolutionGuid = {149B7507-8C8A-4770-A4F8-F6ABDD3252F2}
	EndGlobalSection
EndGlobal
