
Microsoft Visual Studio Solution File, Format Version 12.00
# Visual Studio 15
VisualStudioVersion = 15.0.28307.1169
MinimumVisualStudioVersion = 10.0.40219.1
Project("{8BC9CEB8-8B4A-11D0-8D11-00A0C91BC942}") = "SampleServerv2", "SampleServerv2.vcxproj", "{173BFD61-D01B-49C3-9C3B-0DA83F679DED}"
EndProject
Project("{8BC9CEB8-8B4A-11D0-8D11-00A0C91BC942}") = "SampleClientv2", "..\SampleClientv2\SampleClientv2.vcxproj", "{331EC555-0F7A-40A5-9122-7A6DEC70D7CC}"
EndProject
Global
	GlobalSection(SolutionConfigurationPlatforms) = preSolution
		Debug|x64 = Debug|x64
		Debug|x86 = Debug|x86
		Release|x64 = Release|x64
		Release|x86 = Release|x86
	EndGlobalSection
	GlobalSection(ProjectConfigurationPlatforms) = postSolution
		{173BFD61-D01B-49C3-9C3B-0DA83F679DED}.Debug|x64.ActiveCfg = Debug|x64
		{173BFD61-D01B-49C3-9C3B-0DA83F679DED}.Debug|x64.Build.0 = Debug|x64
		{173BFD61-D01B-49C3-9C3B-0DA83F679DED}.Debug|x86.ActiveCfg = Debug|Win32
		{173BFD61-D01B-49C3-9C3B-0DA83F679DED}.Debug|x86.Build.0 = Debug|Win32
		{173BFD61-D01B-49C3-9C3B-0DA83F679DED}.Release|x64.ActiveCfg = Release|x64
		{173BFD61-D01B-49C3-9C3B-0DA83F679DED}.Release|x64.Build.0 = Release|x64
		{173BFD61-D01B-49C3-9C3B-0DA83F679DED}.Release|x86.ActiveCfg = Release|Win32
		{173BFD61-D01B-49C3-9C3B-0DA83F679DED}.Release|x86.Build.0 = Release|Win32
		{331EC555-0F7A-40A5-9122-7A6DEC70D7CC}.Debug|x64.ActiveCfg = Debug|x64
		{331EC555-0F7A-40A5-9122-7A6DEC70D7CC}.Debug|x64.Build.0 = Debug|x64
		{331EC555-0F7A-40A5-9122-7A6DEC70D7CC}.Debug|x86.ActiveCfg = Debug|Win32
		{331EC555-0F7A-40A5-9122-7A6DEC70D7CC}.Debug|x86.Build.0 = Debug|Win32
		{331EC555-0F7A-40A5-9122-7A6DEC70D7CC}.Release|x64.ActiveCfg = Release|x64
		{331EC555-0F7A-40A5-9122-7A6DEC70D7CC}.Release|x64.Build.0 = Release|x64
		{331EC555-0F7A-40A5-9122-7A6DEC70D7CC}.Release|x86.ActiveCfg = Release|Win32
		{331EC555-0F7A-40A5-9122-7A6DEC70D7CC}.Release|x86.Build.0 = Release|Win32
	EndGlobalSection
	GlobalSection(SolutionProperties) = preSolution
		HideSolutionNode = FALSE
	EndGlobalSection
	GlobalSection(ExtensibilityGlobals) = postSolution
		SolutionGuid = {2832F3AF-28E5-47A6-9737-F62A656595FE}
	EndGlobalSection
EndGlobal
